// !$*UTF8*$!
{
	archiveVersion = 1;
	classes = {
	};
	objectVersion = 46;
	objects = {

/* Begin PBXBuildFile section */
		2E977FA41950F1270067BBB2 /* Foundation.framework in Frameworks */ = {isa = PBXBuildFile; fileRef = 2E977FA31950F1270067BBB2 /* Foundation.framework */; };
		2E977FA61950F1270067BBB2 /* CoreGraphics.framework in Frameworks */ = {isa = PBXBuildFile; fileRef = 2E977FA51950F1270067BBB2 /* CoreGraphics.framework */; };
		2E977FA81950F1270067BBB2 /* UIKit.framework in Frameworks */ = {isa = PBXBuildFile; fileRef = 2E977FA71950F1270067BBB2 /* UIKit.framework */; };
		2E977FAE1950F1270067BBB2 /* InfoPlist.strings in Resources */ = {isa = PBXBuildFile; fileRef = 2E977FAC1950F1270067BBB2 /* InfoPlist.strings */; };
		2E977FB01950F1270067BBB2 /* main.m in Sources */ = {isa = PBXBuildFile; fileRef = 2E977FAF1950F1270067BBB2 /* main.m */; };
		2E977FB41950F1270067BBB2 /* BNRAppDelegate.m in Sources */ = {isa = PBXBuildFile; fileRef = 2E977FB31950F1270067BBB2 /* BNRAppDelegate.m */; };
		2E977FB61950F1270067BBB2 /* Images.xcassets in Resources */ = {isa = PBXBuildFile; fileRef = 2E977FB51950F1270067BBB2 /* Images.xcassets */; };
		2E977FBD1950F1270067BBB2 /* XCTest.framework in Frameworks */ = {isa = PBXBuildFile; fileRef = 2E977FBC1950F1270067BBB2 /* XCTest.framework */; };
		2E977FBE1950F1270067BBB2 /* Foundation.framework in Frameworks */ = {isa = PBXBuildFile; fileRef = 2E977FA31950F1270067BBB2 /* Foundation.framework */; };
		2E977FBF1950F1270067BBB2 /* UIKit.framework in Frameworks */ = {isa = PBXBuildFile; fileRef = 2E977FA71950F1270067BBB2 /* UIKit.framework */; };
		2E977FC71950F1270067BBB2 /* InfoPlist.strings in Resources */ = {isa = PBXBuildFile; fileRef = 2E977FC51950F1270067BBB2 /* InfoPlist.strings */; };
		2E977FC91950F1270067BBB2 /* HomepwnerTests.m in Sources */ = {isa = PBXBuildFile; fileRef = 2E977FC81950F1270067BBB2 /* HomepwnerTests.m */; };
		2E977FD41950F1AD0067BBB2 /* BNRItemsViewController.m in Sources */ = {isa = PBXBuildFile; fileRef = 2E977FD31950F1AD0067BBB2 /* BNRItemsViewController.m */; };
		2E977FD71950F3D10067BBB2 /* BNRItem.m in Sources */ = {isa = PBXBuildFile; fileRef = 2E977FD61950F3D10067BBB2 /* BNRItem.m */; };
		2E977FDA1950F4940067BBB2 /* BNRItemStore.m in Sources */ = {isa = PBXBuildFile; fileRef = 2E977FD91950F4940067BBB2 /* BNRItemStore.m */; };
/* End PBXBuildFile section */

/* Begin PBXContainerItemProxy section */
		2E977FC01950F1270067BBB2 /* PBXContainerItemProxy */ = {
			isa = PBXContainerItemProxy;
			containerPortal = 2E977F981950F1270067BBB2 /* Project object */;
			proxyType = 1;
			remoteGlobalIDString = 2E977F9F1950F1270067BBB2;
			remoteInfo = Homepwner;
		};
/* End PBXContainerItemProxy section */

/* Begin PBXFileReference section */
		2E977FA01950F1270067BBB2 /* Homepwner.app */ = {isa = PBXFileReference; explicitFileType = wrapper.application; includeInIndex = 0; path = Homepwner.app; sourceTree = BUILT_PRODUCTS_DIR; };
		2E977FA31950F1270067BBB2 /* Foundation.framework */ = {isa = PBXFileReference; lastKnownFileType = wrapper.framework; name = Foundation.framework; path = System/Library/Frameworks/Foundation.framework; sourceTree = SDKROOT; };
		2E977FA51950F1270067BBB2 /* CoreGraphics.framework */ = {isa = PBXFileReference; lastKnownFileType = wrapper.framework; name = CoreGraphics.framework; path = System/Library/Frameworks/CoreGraphics.framework; sourceTree = SDKROOT; };
		2E977FA71950F1270067BBB2 /* UIKit.framework */ = {isa = PBXFileReference; lastKnownFileType = wrapper.framework; name = UIKit.framework; path = System/Library/Frameworks/UIKit.framework; sourceTree = SDKROOT; };
		2E977FAB1950F1270067BBB2 /* Homepwner-Info.plist */ = {isa = PBXFileReference; lastKnownFileType = text.plist.xml; path = "Homepwner-Info.plist"; sourceTree = "<group>"; };
		2E977FAD1950F1270067BBB2 /* en */ = {isa = PBXFileReference; lastKnownFileType = text.plist.strings; name = en; path = en.lproj/InfoPlist.strings; sourceTree = "<group>"; };
		2E977FAF1950F1270067BBB2 /* main.m */ = {isa = PBXFileReference; lastKnownFileType = sourcecode.c.objc; path = main.m; sourceTree = "<group>"; };
		2E977FB11950F1270067BBB2 /* Homepwner-Prefix.pch */ = {isa = PBXFileReference; lastKnownFileType = sourcecode.c.h; path = "Homepwner-Prefix.pch"; sourceTree = "<group>"; };
		2E977FB21950F1270067BBB2 /* BNRAppDelegate.h */ = {isa = PBXFileReference; lastKnownFileType = sourcecode.c.h; path = BNRAppDelegate.h; sourceTree = "<group>"; };
		2E977FB31950F1270067BBB2 /* BNRAppDelegate.m */ = {isa = PBXFileReference; lastKnownFileType = sourcecode.c.objc; path = BNRAppDelegate.m; sourceTree = "<group>"; };
		2E977FB51950F1270067BBB2 /* Images.xcassets */ = {isa = PBXFileReference; lastKnownFileType = folder.assetcatalog; path = Images.xcassets; sourceTree = "<group>"; };
		2E977FBB1950F1270067BBB2 /* HomepwnerTests.xctest */ = {isa = PBXFileReference; explicitFileType = wrapper.cfbundle; includeInIndex = 0; path = HomepwnerTests.xctest; sourceTree = BUILT_PRODUCTS_DIR; };
		2E977FBC1950F1270067BBB2 /* XCTest.framework */ = {isa = PBXFileReference; lastKnownFileType = wrapper.framework; name = XCTest.framework; path = Library/Frameworks/XCTest.framework; sourceTree = DEVELOPER_DIR; };
		2E977FC41950F1270067BBB2 /* HomepwnerTests-Info.plist */ = {isa = PBXFileReference; lastKnownFileType = text.plist.xml; path = "HomepwnerTests-Info.plist"; sourceTree = "<group>"; };
		2E977FC61950F1270067BBB2 /* en */ = {isa = PBXFileReference; lastKnownFileType = text.plist.strings; name = en; path = en.lproj/InfoPlist.strings; sourceTree = "<group>"; };
		2E977FC81950F1270067BBB2 /* HomepwnerTests.m */ = {isa = PBXFileReference; lastKnownFileType = sourcecode.c.objc; path = HomepwnerTests.m; sourceTree = "<group>"; };
		2E977FD21950F1AD0067BBB2 /* BNRItemsViewController.h */ = {isa = PBXFileReference; fileEncoding = 4; lastKnownFileType = sourcecode.c.h; path = BNRItemsViewController.h; sourceTree = "<group>"; };
		2E977FD31950F1AD0067BBB2 /* BNRItemsViewController.m */ = {isa = PBXFileReference; fileEncoding = 4; lastKnownFileType = sourcecode.c.objc; path = BNRItemsViewController.m; sourceTree = "<group>"; };
		2E977FD51950F3D10067BBB2 /* BNRItem.h */ = {isa = PBXFileReference; fileEncoding = 4; lastKnownFileType = sourcecode.c.h; path = BNRItem.h; sourceTree = "<group>"; };
		2E977FD61950F3D10067BBB2 /* BNRItem.m */ = {isa = PBXFileReference; fileEncoding = 4; lastKnownFileType = sourcecode.c.objc; path = BNRItem.m; sourceTree = "<group>"; };
		2E977FD81950F4940067BBB2 /* BNRItemStore.h */ = {isa = PBXFileReference; fileEncoding = 4; lastKnownFileType = sourcecode.c.h; path = BNRItemStore.h; sourceTree = "<group>"; };
		2E977FD91950F4940067BBB2 /* BNRItemStore.m */ = {isa = PBXFileReference; fileEncoding = 4; lastKnownFileType = sourcecode.c.objc; path = BNRItemStore.m; sourceTree = "<group>"; };
/* End PBXFileReference section */

/* Begin PBXFrameworksBuildPhase section */
		2E977F9D1950F1270067BBB2 /* Frameworks */ = {
			isa = PBXFrameworksBuildPhase;
			buildActionMask = 2147483647;
			files = (
				2E977FA61950F1270067BBB2 /* CoreGraphics.framework in Frameworks */,
				2E977FA81950F1270067BBB2 /* UIKit.framework in Frameworks */,
				2E977FA41950F1270067BBB2 /* Foundation.framework in Frameworks */,
			);
			runOnlyForDeploymentPostprocessing = 0;
		};
		2E977FB81950F1270067BBB2 /* Frameworks */ = {
			isa = PBXFrameworksBuildPhase;
			buildActionMask = 2147483647;
			files = (
				2E977FBD1950F1270067BBB2 /* XCTest.framework in Frameworks */,
				2E977FBF1950F1270067BBB2 /* UIKit.framework in Frameworks */,
				2E977FBE1950F1270067BBB2 /* Foundation.framework in Frameworks */,
			);
			runOnlyForDeploymentPostprocessing = 0;
		};
/* End PBXFrameworksBuildPhase section */

/* Begin PBXGroup section */
		2E977F971950F1270067BBB2 = {
			isa = PBXGroup;
			children = (
				2E977FA91950F1270067BBB2 /* Homepwner */,
				2E977FC21950F1270067BBB2 /* HomepwnerTests */,
				2E977FA21950F1270067BBB2 /* Frameworks */,
				2E977FA11950F1270067BBB2 /* Products */,
			);
			sourceTree = "<group>";
		};
		2E977FA11950F1270067BBB2 /* Products */ = {
			isa = PBXGroup;
			children = (
				2E977FA01950F1270067BBB2 /* Homepwner.app */,
				2E977FBB1950F1270067BBB2 /* HomepwnerTests.xctest */,
			);
			name = Products;
			sourceTree = "<group>";
		};
		2E977FA21950F1270067BBB2 /* Frameworks */ = {
			isa = PBXGroup;
			children = (
				2E977FA31950F1270067BBB2 /* Foundation.framework */,
				2E977FA51950F1270067BBB2 /* CoreGraphics.framework */,
				2E977FA71950F1270067BBB2 /* UIKit.framework */,
				2E977FBC1950F1270067BBB2 /* XCTest.framework */,
			);
			name = Frameworks;
			sourceTree = "<group>";
		};
		2E977FA91950F1270067BBB2 /* Homepwner */ = {
			isa = PBXGroup;
			children = (
				2E977FD51950F3D10067BBB2 /* BNRItem.h */,
				2E977FD61950F3D10067BBB2 /* BNRItem.m */,
				2E977FB21950F1270067BBB2 /* BNRAppDelegate.h */,
				2E977FB31950F1270067BBB2 /* BNRAppDelegate.m */,
				2E977FB51950F1270067BBB2 /* Images.xcassets */,
				2E977FAA1950F1270067BBB2 /* Supporting Files */,
				2E977FD21950F1AD0067BBB2 /* BNRItemsViewController.h */,
				2E977FD31950F1AD0067BBB2 /* BNRItemsViewController.m */,
				2E977FD81950F4940067BBB2 /* BNRItemStore.h */,
				2E977FD91950F4940067BBB2 /* BNRItemStore.m */,
			);
			path = Homepwner;
			sourceTree = "<group>";
		};
		2E977FAA1950F1270067BBB2 /* Supporting Files */ = {
			isa = PBXGroup;
			children = (
				2E977FAB1950F1270067BBB2 /* Homepwner-Info.plist */,
				2E977FAC1950F1270067BBB2 /* InfoPlist.strings */,
				2E977FAF1950F1270067BBB2 /* main.m */,
				2E977FB11950F1270067BBB2 /* Homepwner-Prefix.pch */,
			);
			name = "Supporting Files";
			sourceTree = "<group>";
		};
		2E977FC21950F1270067BBB2 /* HomepwnerTests */ = {
			isa = PBXGroup;
			children = (
				2E977FC81950F1270067BBB2 /* HomepwnerTests.m */,
				2E977FC31950F1270067BBB2 /* Supporting Files */,
			);
			path = HomepwnerTests;
			sourceTree = "<group>";
		};
		2E977FC31950F1270067BBB2 /* Supporting Files */ = {
			isa = PBXGroup;
			children = (
				2E977FC41950F1270067BBB2 /* HomepwnerTests-Info.plist */,
				2E977FC51950F1270067BBB2 /* InfoPlist.strings */,
			);
			name = "Supporting Files";
			sourceTree = "<group>";
		};
/* End PBXGroup section */

/* Begin PBXNativeTarget section */
		2E977F9F1950F1270067BBB2 /* Homepwner */ = {
			isa = PBXNativeTarget;
			buildConfigurationList = 2E977FCC1950F1270067BBB2 /* Build configuration list for PBXNativeTarget "Homepwner" */;
			buildPhases = (
				2E977F9C1950F1270067BBB2 /* Sources */,
				2E977F9D1950F1270067BBB2 /* Frameworks */,
				2E977F9E1950F1270067BBB2 /* Resources */,
			);
			buildRules = (
			);
			dependencies = (
			);
			name = Homepwner;
			productName = Homepwner;
			productReference = 2E977FA01950F1270067BBB2 /* Homepwner.app */;
			productType = "com.apple.product-type.application";
		};
		2E977FBA1950F1270067BBB2 /* HomepwnerTests */ = {
			isa = PBXNativeTarget;
			buildConfigurationList = 2E977FCF1950F1270067BBB2 /* Build configuration list for PBXNativeTarget "HomepwnerTests" */;
			buildPhases = (
				2E977FB71950F1270067BBB2 /* Sources */,
				2E977FB81950F1270067BBB2 /* Frameworks */,
				2E977FB91950F1270067BBB2 /* Resources */,
			);
			buildRules = (
			);
			dependencies = (
				2E977FC11950F1270067BBB2 /* PBXTargetDependency */,
			);
			name = HomepwnerTests;
			productName = HomepwnerTests;
			productReference = 2E977FBB1950F1270067BBB2 /* HomepwnerTests.xctest */;
			productType = "com.apple.product-type.bundle.unit-test";
		};
/* End PBXNativeTarget section */

/* Begin PBXProject section */
		2E977F981950F1270067BBB2 /* Project object */ = {
			isa = PBXProject;
			attributes = {
				CLASSPREFIX = BNR;
				LastUpgradeCheck = 0510;
				ORGANIZATIONNAME = "___FULLUSERNAME___";
				TargetAttributes = {
					2E977FBA1950F1270067BBB2 = {
						TestTargetID = 2E977F9F1950F1270067BBB2;
					};
				};
			};
			buildConfigurationList = 2E977F9B1950F1270067BBB2 /* Build configuration list for PBXProject "Homepwner" */;
			compatibilityVersion = "Xcode 3.2";
			developmentRegion = English;
			hasScannedForEncodings = 0;
			knownRegions = (
				en,
			);
			mainGroup = 2E977F971950F1270067BBB2;
			productRefGroup = 2E977FA11950F1270067BBB2 /* Products */;
			projectDirPath = "";
			projectRoot = "";
			targets = (
				2E977F9F1950F1270067BBB2 /* Homepwner */,
				2E977FBA1950F1270067BBB2 /* HomepwnerTests */,
			);
		};
/* End PBXProject section */

/* Begin PBXResourcesBuildPhase section */
		2E977F9E1950F1270067BBB2 /* Resources */ = {
			isa = PBXResourcesBuildPhase;
			buildActionMask = 2147483647;
			files = (
				2E977FAE1950F1270067BBB2 /* InfoPlist.strings in Resources */,
				2E977FB61950F1270067BBB2 /* Images.xcassets in Resources */,
			);
			runOnlyForDeploymentPostprocessing = 0;
		};
		2E977FB91950F1270067BBB2 /* Resources */ = {
			isa = PBXResourcesBuildPhase;
			buildActionMask = 2147483647;
			files = (
				2E977FC71950F1270067BBB2 /* InfoPlist.strings in Resources */,
			);
			runOnlyForDeploymentPostprocessing = 0;
		};
/* End PBXResourcesBuildPhase section */

/* Begin PBXSourcesBuildPhase section */
		2E977F9C1950F1270067BBB2 /* Sources */ = {
			isa = PBXSourcesBuildPhase;
			buildActionMask = 2147483647;
			files = (
				2E977FDA1950F4940067BBB2 /* BNRItemStore.m in Sources */,
				2E977FD41950F1AD0067BBB2 /* BNRItemsViewController.m in Sources */,
				2E977FD71950F3D10067BBB2 /* BNRItem.m in Sources */,
				2E977FB01950F1270067BBB2 /* main.m in Sources */,
				2E977FB41950F1270067BBB2 /* BNRAppDelegate.m in Sources */,
			);
			runOnlyForDeploymentPostprocessing = 0;
		};
		2E977FB71950F1270067BBB2 /* Sources */ = {
			isa = PBXSourcesBuildPhase;
			buildActionMask = 2147483647;
			files = (
				2E977FC91950F1270067BBB2 /* HomepwnerTests.m in Sources */,
			);
			runOnlyForDeploymentPostprocessing = 0;
		};
/* End PBXSourcesBuildPhase section */

/* Begin PBXTargetDependency section */
		2E977FC11950F1270067BBB2 /* PBXTargetDependency */ = {
			isa = PBXTargetDependency;
			target = 2E977F9F1950F1270067BBB2 /* Homepwner */;
			targetProxy = 2E977FC01950F1270067BBB2 /* PBXContainerItemProxy */;
		};
/* End PBXTargetDependency section */

/* Begin PBXVariantGroup section */
		2E977FAC1950F1270067BBB2 /* InfoPlist.strings */ = {
			isa = PBXVariantGroup;
			children = (
				2E977FAD1950F1270067BBB2 /* en */,
			);
			name = InfoPlist.strings;
			sourceTree = "<group>";
		};
		2E977FC51950F1270067BBB2 /* InfoPlist.strings */ = {
			isa = PBXVariantGroup;
			children = (
				2E977FC61950F1270067BBB2 /* en */,
			);
			name = InfoPlist.strings;
			sourceTree = "<group>";
		};
/* End PBXVariantGroup section */

/* Begin XCBuildConfiguration section */
		2E977FCA1950F1270067BBB2 /* Debug */ = {
			isa = XCBuildConfiguration;
			buildSettings = {
				ALWAYS_SEARCH_USER_PATHS = NO;
				CLANG_CXX_LANGUAGE_STANDARD = "gnu++0x";
				CLANG_CXX_LIBRARY = "libc++";
				CLANG_ENABLE_MODULES = YES;
				CLANG_ENABLE_OBJC_ARC = YES;
				CLANG_WARN_BOOL_CONVERSION = YES;
				CLANG_WARN_CONSTANT_CONVERSION = YES;
				CLANG_WARN_DIRECT_OBJC_ISA_USAGE = YES_ERROR;
				CLANG_WARN_EMPTY_BODY = YES;
				CLANG_WARN_ENUM_CONVERSION = YES;
				CLANG_WARN_INT_CONVERSION = YES;
				CLANG_WARN_OBJC_ROOT_CLASS = YES_ERROR;
				CLANG_WARN__DUPLICATE_METHOD_MATCH = YES;
				"CODE_SIGN_IDENTITY[sdk=iphoneos*]" = "iPhone Developer";
				COPY_PHASE_STRIP = NO;
				GCC_C_LANGUAGE_STANDARD = gnu99;
				GCC_DYNAMIC_NO_PIC = NO;
				GCC_OPTIMIZATION_LEVEL = 0;
				GCC_PREPROCESSOR_DEFINITIONS = (
					"DEBUG=1",
					"$(inherited)",
				);
				GCC_SYMBOLS_PRIVATE_EXTERN = NO;
				GCC_WARN_64_TO_32_BIT_CONVERSION = YES;
				GCC_WARN_ABOUT_RETURN_TYPE = YES_ERROR;
				GCC_WARN_UNDECLARED_SELECTOR = YES;
				GCC_WARN_UNINITIALIZED_AUTOS = YES_AGGRESSIVE;
				GCC_WARN_UNUSED_FUNCTION = YES;
				GCC_WARN_UNUSED_VARIABLE = YES;
				IPHONEOS_DEPLOYMENT_TARGET = 7.1;
				ONLY_ACTIVE_ARCH = YES;
				SDKROOT = iphoneos;
			};
			name = Debug;
		};
		2E977FCB1950F1270067BBB2 /* Release */ = {
			isa = XCBuildConfiguration;
			buildSettings = {
				ALWAYS_SEARCH_USER_PATHS = NO;
				CLANG_CXX_LANGUAGE_STANDARD = "gnu++0x";
				CLANG_CXX_LIBRARY = "libc++";
				CLANG_ENABLE_MODULES = YES;
				CLANG_ENABLE_OBJC_ARC = YES;
				CLANG_WARN_BOOL_CONVERSION = YES;
				CLANG_WARN_CONSTANT_CONVERSION = YES;
				CLANG_WARN_DIRECT_OBJC_ISA_USAGE = YES_ERROR;
				CLANG_WARN_EMPTY_BODY = YES;
				CLANG_WARN_ENUM_CONVERSION = YES;
				CLANG_WARN_INT_CONVERSION = YES;
				CLANG_WARN_OBJC_ROOT_CLASS = YES_ERROR;
				CLANG_WARN__DUPLICATE_METHOD_MATCH = YES;
				"CODE_SIGN_IDENTITY[sdk=iphoneos*]" = "iPhone Developer";
				COPY_PHASE_STRIP = YES;
				ENABLE_NS_ASSERTIONS = NO;
				GCC_C_LANGUAGE_STANDARD = gnu99;
				GCC_WARN_64_TO_32_BIT_CONVERSION = YES;
				GCC_WARN_ABOUT_RETURN_TYPE = YES_ERROR;
				GCC_WARN_UNDECLARED_SELECTOR = YES;
				GCC_WARN_UNINITIALIZED_AUTOS = YES_AGGRESSIVE;
				GCC_WARN_UNUSED_FUNCTION = YES;
				GCC_WARN_UNUSED_VARIABLE = YES;
				IPHONEOS_DEPLOYMENT_TARGET = 7.1;
				SDKROOT = iphoneos;
				VALIDATE_PRODUCT = YES;
			};
			name = Release;
		};
		2E977FCD1950F1270067BBB2 /* Debug */ = {
			isa = XCBuildConfiguration;
			buildSettings = {
				ASSETCATALOG_COMPILER_APPICON_NAME = AppIcon;
				ASSETCATALOG_COMPILER_LAUNCHIMAGE_NAME = LaunchImage;
				GCC_PRECOMPILE_PREFIX_HEADER = YES;
				GCC_PREFIX_HEADER = "Homepwner/Homepwner-Prefix.pch";
				INFOPLIST_FILE = "Homepwner/Homepwner-Info.plist";
				PRODUCT_NAME = "$(TARGET_NAME)";
				WRAPPER_EXTENSION = app;
			};
			name = Debug;
		};
		2E977FCE1950F1270067BBB2 /* Release */ = {
			isa = XCBuildConfiguration;
			buildSettings = {
				ASSETCATALOG_COMPILER_APPICON_NAME = AppIcon;
				ASSETCATALOG_COMPILER_LAUNCHIMAGE_NAME = LaunchImage;
				GCC_PRECOMPILE_PREFIX_HEADER = YES;
				GCC_PREFIX_HEADER = "Homepwner/Homepwner-Prefix.pch";
				INFOPLIST_FILE = "Homepwner/Homepwner-Info.plist";
				PRODUCT_NAME = "$(TARGET_NAME)";
				WRAPPER_EXTENSION = app;
			};
			name = Release;
		};
		2E977FD01950F1270067BBB2 /* Debug */ = {
			isa = XCBuildConfiguration;
			buildSettings = {
				BUNDLE_LOADER = "$(BUILT_PRODUCTS_DIR)/Homepwner.app/Homepwner";
				FRAMEWORK_SEARCH_PATHS = (
					"$(SDKROOT)/Developer/Library/Frameworks",
					"$(inherited)",
					"$(DEVELOPER_FRAMEWORKS_DIR)",
				);
				GCC_PRECOMPILE_PREFIX_HEADER = YES;
				GCC_PREFIX_HEADER = "Homepwner/Homepwner-Prefix.pch";
				GCC_PREPROCESSOR_DEFINITIONS = (
					"DEBUG=1",
					"$(inherited)",
				);
				INFOPLIST_FILE = "HomepwnerTests/HomepwnerTests-Info.plist";
				PRODUCT_NAME = "$(TARGET_NAME)";
				TEST_HOST = "$(BUNDLE_LOADER)";
				WRAPPER_EXTENSION = xctest;
			};
			name = Debug;
		};
		2E977FD11950F1270067BBB2 /* Release */ = {
			isa = XCBuildConfiguration;
			buildSettings = {
				BUNDLE_LOADER = "$(BUILT_PRODUCTS_DIR)/Homepwner.app/Homepwner";
				FRAMEWORK_SEARCH_PATHS = (
					"$(SDKROOT)/Developer/Library/Frameworks",
					"$(inherited)",
					"$(DEVELOPER_FRAMEWORKS_DIR)",
				);
				GCC_PRECOMPILE_PREFIX_HEADER = YES;
				GCC_PREFIX_HEADER = "Homepwner/Homepwner-Prefix.pch";
				INFOPLIST_FILE = "HomepwnerTests/HomepwnerTests-Info.plist";
				PRODUCT_NAME = "$(TARGET_NAME)";
				TEST_HOST = "$(BUNDLE_LOADER)";
				WRAPPER_EXTENSION = xctest;
			};
			name = Release;
		};
/* End XCBuildConfiguration section */

/* Begin XCConfigurationList section */
		2E977F9B1950F1270067BBB2 /* Build configuration list for PBXProject "Homepwner" */ = {
			isa = XCConfigurationList;
			buildConfigurations = (
				2E977FCA1950F1270067BBB2 /* Debug */,
				2E977FCB1950F1270067BBB2 /* Release */,
			);
			defaultConfigurationIsVisible = 0;
			defaultConfigurationName = Release;
		};
		2E977FCC1950F1270067BBB2 /* Build configuration list for PBXNativeTarget "Homepwner" */ = {
			isa = XCConfigurationList;
			buildConfigurations = (
				2E977FCD1950F1270067BBB2 /* Debug */,
				2E977FCE1950F1270067BBB2 /* Release */,
			);
			defaultConfigurationIsVisible = 0;
		};
		2E977FCF1950F1270067BBB2 /* Build configuration list for PBXNativeTarget "HomepwnerTests" */ = {
			isa = XCConfigurationList;
			buildConfigurations = (
				2E977FD01950F1270067BBB2 /* Debug */,
				2E977FD11950F1270067BBB2 /* Release */,
			);
			defaultConfigurationIsVisible = 0;
		};
/* End XCConfigurationList section */
	};
	rootObject = 2E977F981950F1270067BBB2 /* Project object */;
}
